
Microsoft Visual Studio Solution File, Format Version 12.00
# Visual Studio Version 17
VisualStudioVersion = 17.8.34309.116
MinimumVisualStudioVersion = 10.0.40219.1
Project("{FAE04EC0-301F-11D3-BF4B-00C04F79EFBC}") = "CSP", "CSP\CSP.csproj", "{A9AC2E5C-5FF1-481A-971D-8165ECEBE249}"
EndProject
Global
	GlobalSection(SolutionConfigurationPlatforms) = preSolution
		Debug|Any CPU = Debug|Any CPU
		Release|Any CPU = Release|Any CPU
	EndGlobalSection
	GlobalSection(ProjectConfigurationPlatforms) = postSolution
		{A9AC2E5C-5FF1-481A-971D-8165ECEBE249}.Debug|Any CPU.ActiveCfg = Debug|Any CPU
		{A9AC2E5C-5FF1-481A-971D-8165ECEBE249}.Debug|Any CPU.Build.0 = Debug|Any CPU
		{A9AC2E5C-5FF1-481A-971D-8165ECEBE249}.Release|Any CPU.ActiveCfg = Release|Any CPU
		{A9AC2E5C-5FF1-481A-971D-8165ECEBE249}.Release|Any CPU.Build.0 = Release|Any CPU
	EndGlobalSection
	GlobalSection(SolutionProperties) = preSolution
		HideSolutionNode = FALSE
	EndGlobalSection
	GlobalSection(ExtensibilityGlobals) = postSolution
		SolutionGuid = {B15314AB-A562-43D5-912F-F4233B83824B}
	EndGlobalSection
EndGlobal
